<?xml version="1.0" encoding="utf-8"?>
<Project ToolsVersion="4.0" xmlns="http://schemas.microsoft.com/developer/msbuild/2003">
  <ItemGroup>
    <FxCompile Include="ReqInc.hlsl" />
    <FxCompile Include="BlinnPhong.hlsl" />
  </ItemGroup>
  <ItemGroup>
    <ClCompile Include="main.cpp" />
    <ClCompile Include="Mesh.cpp">
      <Filter>Graphics</Filter>
    </ClCompile>
    <ClCompile Include="Direct3D.cpp">
      <Filter>Base</Filter>
    </ClCompile>
    <ClCompile Include="ConstantBuffers.cpp">
      <Filter>ConstantBuffers</Filter>
    </ClCompile>
    <ClCompile Include="Shader.cpp" />
    <ClCompile Include="GameObject.cpp">
      <Filter>World</Filter>
    </ClCompile>
    <ClCompile Include="Component.cpp">
      <Filter>World</Filter>
    </ClCompile>
    <ClCompile Include="Input.cpp">
      <Filter>Input</Filter>
    </ClCompile>
    <ClCompile Include="FlyCamera.cpp">
      <Filter>World\Components</Filter>
    </ClCompile>
    <ClCompile Include="Camera.cpp">
      <Filter>Graphics</Filter>
    </ClCompile>
  </ItemGroup>
  <ItemGroup>
    <ClInclude Include="Mesh.h">
      <Filter>Graphics</Filter>
    </ClInclude>
    <ClInclude Include="Direct3D.h">
      <Filter>Base</Filter>
    </ClInclude>
    <ClInclude Include="ConstantBuffers.h">
      <Filter>ConstantBuffers</Filter>
    </ClInclude>
    <ClInclude Include="Shader.h" />
    <ClInclude Include="GameObject.h">
      <Filter>World</Filter>
    </ClInclude>
    <ClInclude Include="Component.h">
      <Filter>World</Filter>
    </ClInclude>
    <ClInclude Include="Input.h">
      <Filter>Input</Filter>
    </ClInclude>
    <ClInclude Include="FlyCamera.h">
      <Filter>World\Components</Filter>
    </ClInclude>
    <ClInclude Include="Camera.h">
      <Filter>Graphics</Filter>
    </ClInclude>
  </ItemGroup>
  <ItemGroup>
    <Filter Include="Base">
      <UniqueIdentifier>{481193a6-38a0-4fb5-9116-9ef90fb7d613}</UniqueIdentifier>
    </Filter>
    <Filter Include="ConstantBuffers">
      <UniqueIdentifier>{246fd141-03fc-41be-ab62-46d552eaa9eb}</UniqueIdentifier>
    </Filter>
    <Filter Include="Graphics">
      <UniqueIdentifier>{4561c0d3-bb3b-4eee-92a8-5f5af042a21c}</UniqueIdentifier>
    </Filter>
    <Filter Include="World">
      <UniqueIdentifier>{82fdfd14-18e8-48f4-a89f-537f4f56fb61}</UniqueIdentifier>
    </Filter>
    <Filter Include="World\Components">
      <UniqueIdentifier>{ca011471-1e77-449c-b5fc-7137bc99e567}</UniqueIdentifier>
    </Filter>
    <Filter Include="Input">
      <UniqueIdentifier>{9f1da3a6-9fda-4017-810c-f464c65600c2}</UniqueIdentifier>
    </Filter>
  </ItemGroup>
</Project>